// !$*UTF8*$!
{
	archiveVersion = 1;
	classes = {
	};
	objectVersion = 46;
	objects = {

/* Begin PBXBuildFile section */
		5AA3BA1C1E1E899C00EB6539 /* JTPopMenuUIConfig.swift in Sources */ = {isa = PBXBuildFile; fileRef = 5AA3BA1B1E1E899C00EB6539 /* JTPopMenuUIConfig.swift */; };
		B27457191DFFEC420097C4D6 /* AppDelegate.swift in Sources */ = {isa = PBXBuildFile; fileRef = B27457181DFFEC420097C4D6 /* AppDelegate.swift */; };
		B274571B1DFFEC420097C4D6 /* ViewController.swift in Sources */ = {isa = PBXBuildFile; fileRef = B274571A1DFFEC420097C4D6 /* ViewController.swift */; };
		B274571E1DFFEC420097C4D6 /* Main.storyboard in Resources */ = {isa = PBXBuildFile; fileRef = B274571C1DFFEC420097C4D6 /* Main.storyboard */; };
		B27457201DFFEC420097C4D6 /* Assets.xcassets in Resources */ = {isa = PBXBuildFile; fileRef = B274571F1DFFEC420097C4D6 /* Assets.xcassets */; };
		B27457231DFFEC420097C4D6 /* LaunchScreen.storyboard in Resources */ = {isa = PBXBuildFile; fileRef = B27457211DFFEC420097C4D6 /* LaunchScreen.storyboard */; };
		B274572C1DFFEED00097C4D6 /* JTPopMenu.swift in Sources */ = {isa = PBXBuildFile; fileRef = B274572B1DFFEED00097C4D6 /* JTPopMenu.swift */; };
		B274572E1DFFF2410097C4D6 /* JTPopMenuCell.swift in Sources */ = {isa = PBXBuildFile; fileRef = B274572D1DFFF2410097C4D6 /* JTPopMenuCell.swift */; };
		B27457301DFFF8DE0097C4D6 /* JTPopMenuItem.swift in Sources */ = {isa = PBXBuildFile; fileRef = B274572F1DFFF8DE0097C4D6 /* JTPopMenuItem.swift */; };
/* End PBXBuildFile section */

/* Begin PBXFileReference section */
		5AA3BA1B1E1E899C00EB6539 /* JTPopMenuUIConfig.swift */ = {isa = PBXFileReference; fileEncoding = 4; lastKnownFileType = sourcecode.swift; path = JTPopMenuUIConfig.swift; sourceTree = "<group>"; };
		B27457151DFFEC420097C4D6 /* JTPopMenu.app */ = {isa = PBXFileReference; explicitFileType = wrapper.application; includeInIndex = 0; path = JTPopMenu.app; sourceTree = BUILT_PRODUCTS_DIR; };
		B27457181DFFEC420097C4D6 /* AppDelegate.swift */ = {isa = PBXFileReference; lastKnownFileType = sourcecode.swift; path = AppDelegate.swift; sourceTree = "<group>"; };
		B274571A1DFFEC420097C4D6 /* ViewController.swift */ = {isa = PBXFileReference; lastKnownFileType = sourcecode.swift; path = ViewController.swift; sourceTree = "<group>"; };
		B274571D1DFFEC420097C4D6 /* Base */ = {isa = PBXFileReference; lastKnownFileType = file.storyboard; name = Base; path = Base.lproj/Main.storyboard; sourceTree = "<group>"; };
		B274571F1DFFEC420097C4D6 /* Assets.xcassets */ = {isa = PBXFileReference; lastKnownFileType = folder.assetcatalog; path = Assets.xcassets; sourceTree = "<group>"; };
		B27457221DFFEC420097C4D6 /* Base */ = {isa = PBXFileReference; lastKnownFileType = file.storyboard; name = Base; path = Base.lproj/LaunchScreen.storyboard; sourceTree = "<group>"; };
		B27457241DFFEC420097C4D6 /* Info.plist */ = {isa = PBXFileReference; lastKnownFileType = text.plist.xml; path = Info.plist; sourceTree = "<group>"; };
		B274572B1DFFEED00097C4D6 /* JTPopMenu.swift */ = {isa = PBXFileReference; fileEncoding = 4; lastKnownFileType = sourcecode.swift; path = JTPopMenu.swift; sourceTree = "<group>"; };
		B274572D1DFFF2410097C4D6 /* JTPopMenuCell.swift */ = {isa = PBXFileReference; fileEncoding = 4; lastKnownFileType = sourcecode.swift; path = JTPopMenuCell.swift; sourceTree = "<group>"; };
		B274572F1DFFF8DE0097C4D6 /* JTPopMenuItem.swift */ = {isa = PBXFileReference; fileEncoding = 4; lastKnownFileType = sourcecode.swift; path = JTPopMenuItem.swift; sourceTree = "<group>"; };
/* End PBXFileReference section */

/* Begin PBXFrameworksBuildPhase section */
		B27457121DFFEC420097C4D6 /* Frameworks */ = {
			isa = PBXFrameworksBuildPhase;
			buildActionMask = 2147483647;
			files = (
			);
			runOnlyForDeploymentPostprocessing = 0;
		};
/* End PBXFrameworksBuildPhase section */

/* Begin PBXGroup section */
		B274570C1DFFEC420097C4D6 = {
			isa = PBXGroup;
			children = (
				B27457171DFFEC420097C4D6 /* JTPopMenu */,
				B27457161DFFEC420097C4D6 /* Products */,
			);
			sourceTree = "<group>";
		};
		B27457161DFFEC420097C4D6 /* Products */ = {
			isa = PBXGroup;
			children = (
				B27457151DFFEC420097C4D6 /* JTPopMenu.app */,
			);
			name = Products;
			sourceTree = "<group>";
		};
		B27457171DFFEC420097C4D6 /* JTPopMenu */ = {
			isa = PBXGroup;
			children = (
				B274572A1DFFEEAB0097C4D6 /* Menu */,
				B27457181DFFEC420097C4D6 /* AppDelegate.swift */,
				B274571A1DFFEC420097C4D6 /* ViewController.swift */,
				B274571C1DFFEC420097C4D6 /* Main.storyboard */,
				B274571F1DFFEC420097C4D6 /* Assets.xcassets */,
				B27457211DFFEC420097C4D6 /* LaunchScreen.storyboard */,
				B27457241DFFEC420097C4D6 /* Info.plist */,
			);
			path = JTPopMenu;
			sourceTree = "<group>";
		};
		B274572A1DFFEEAB0097C4D6 /* Menu */ = {
			isa = PBXGroup;
			children = (
				B274572B1DFFEED00097C4D6 /* JTPopMenu.swift */,
				B274572D1DFFF2410097C4D6 /* JTPopMenuCell.swift */,
				B274572F1DFFF8DE0097C4D6 /* JTPopMenuItem.swift */,
				5AA3BA1B1E1E899C00EB6539 /* JTPopMenuUIConfig.swift */,
			);
			name = Menu;
			sourceTree = "<group>";
		};
/* End PBXGroup section */

/* Begin PBXNativeTarget section */
		B27457141DFFEC420097C4D6 /* JTPopMenu */ = {
			isa = PBXNativeTarget;
			buildConfigurationList = B27457271DFFEC420097C4D6 /* Build configuration list for PBXNativeTarget "JTPopMenu" */;
			buildPhases = (
				B27457111DFFEC420097C4D6 /* Sources */,
				B27457121DFFEC420097C4D6 /* Frameworks */,
				B27457131DFFEC420097C4D6 /* Resources */,
			);
			buildRules = (
			);
			dependencies = (
			);
			name = JTPopMenu;
			productName = JTPopMenu;
			productReference = B27457151DFFEC420097C4D6 /* JTPopMenu.app */;
			productType = "com.apple.product-type.application";
		};
/* End PBXNativeTarget section */

/* Begin PBXProject section */
		B274570D1DFFEC420097C4D6 /* Project object */ = {
			isa = PBXProject;
			attributes = {
				LastSwiftUpdateCheck = 0810;
				LastUpgradeCheck = 1010;
				ORGANIZATIONNAME = ZhouJiatao;
				TargetAttributes = {
					B27457141DFFEC420097C4D6 = {
						CreatedOnToolsVersion = 8.1;
						DevelopmentTeam = 5GLHN8YU2L;
						LastSwiftMigration = 1010;
						ProvisioningStyle = Automatic;
					};
				};
			};
			buildConfigurationList = B27457101DFFEC420097C4D6 /* Build configuration list for PBXProject "JTPopMenu" */;
			compatibilityVersion = "Xcode 3.2";
			developmentRegion = English;
			hasScannedForEncodings = 0;
			knownRegions = (
				en,
				Base,
			);
			mainGroup = B274570C1DFFEC420097C4D6;
			productRefGroup = B27457161DFFEC420097C4D6 /* Products */;
			projectDirPath = "";
			projectRoot = "";
			targets = (
				B27457141DFFEC420097C4D6 /* JTPopMenu */,
			);
		};
/* End PBXProject section */

/* Begin PBXResourcesBuildPhase section */
		B27457131DFFEC420097C4D6 /* Resources */ = {
			isa = PBXResourcesBuildPhase;
			buildActionMask = 2147483647;
			files = (
				B27457231DFFEC420097C4D6 /* LaunchScreen.storyboard in Resources */,
				B27457201DFFEC420097C4D6 /* Assets.xcassets in Resources */,
				B274571E1DFFEC420097C4D6 /* Main.storyboard in Resources */,
			);
			runOnlyForDeploymentPostprocessing = 0;
		};
/* End PBXResourcesBuildPhase section */

/* Begin PBXSourcesBuildPhase section */
		B27457111DFFEC420097C4D6 /* Sources */ = {
			isa = PBXSourcesBuildPhase;
			buildActionMask = 2147483647;
			files = (
				B274572E1DFFF2410097C4D6 /* JTPopMenuCell.swift in Sources */,
				B274572C1DFFEED00097C4D6 /* JTPopMenu.swift in Sources */,
				B274571B1DFFEC420097C4D6 /* ViewController.swift in Sources */,
				5AA3BA1C1E1E899C00EB6539 /* JTPopMenuUIConfig.swift in Sources */,
				B27457301DFFF8DE0097C4D6 /* JTPopMenuItem.swift in Sources */,
				B27457191DFFEC420097C4D6 /* AppDelegate.swift in Sources */,
			);
			runOnlyForDeploymentPostprocessing = 0;
		};
/* End PBXSourcesBuildPhase section */

/* Begin PBXVariantGroup section */
		B274571C1DFFEC420097C4D6 /* Main.storyboard */ = {
			isa = PBXVariantGroup;
			children = (
				B274571D1DFFEC420097C4D6 /* Base */,
			);
			name = Main.storyboard;
			sourceTree = "<group>";
		};
		B27457211DFFEC420097C4D6 /* LaunchScreen.storyboard */ = {
			isa = PBXVariantGroup;
			children = (
				B27457221DFFEC420097C4D6 /* Base */,
			);
			name = LaunchScreen.storyboard;
			sourceTree = "<group>";
		};
/* End PBXVariantGroup section */

/* Begin XCBuildConfiguration section */
		B27457251DFFEC420097C4D6 /* Debug */ = {
			isa = XCBuildConfiguration;
			buildSettings = {
				ALWAYS_SEARCH_USER_PATHS = NO;
				CLANG_ANALYZER_NONNULL = YES;
				CLANG_CXX_LANGUAGE_STANDARD = "gnu++0x";
				CLANG_CXX_LIBRARY = "libc++";
				CLANG_ENABLE_MODULES = YES;
				CLANG_ENABLE_OBJC_ARC = YES;
				CLANG_WARN_BLOCK_CAPTURE_AUTORELEASING = YES;
				CLANG_WARN_BOOL_CONVERSION = YES;
				CLANG_WARN_COMMA = YES;
				CLANG_WARN_CONSTANT_CONVERSION = YES;
				CLANG_WARN_DEPRECATED_OBJC_IMPLEMENTATIONS = YES;
				CLANG_WARN_DIRECT_OBJC_ISA_USAGE = YES_ERROR;
				CLANG_WARN_DOCUMENTATION_COMMENTS = YES;
				CLANG_WARN_EMPTY_BODY = YES;
				CLANG_WARN_ENUM_CONVERSION = YES;
				CLANG_WARN_INFINITE_RECURSION = YES;
				CLANG_WARN_INT_CONVERSION = YES;
				CLANG_WARN_NON_LITERAL_NULL_CONVERSION = YES;
				CLANG_WARN_OBJC_IMPLICIT_RETAIN_SELF = YES;
				CLANG_WARN_OBJC_LITERAL_CONVERSION = YES;
				CLANG_WARN_OBJC_ROOT_CLASS = YES_ERROR;
				CLANG_WARN_RANGE_LOOP_ANALYSIS = YES;
				CLANG_WARN_STRICT_PROTOTYPES = YES;
				CLANG_WARN_SUSPICIOUS_MOVE = YES;
				CLANG_WARN_SUSPICIOUS_MOVES = YES;
				CLANG_WARN_UNREACHABLE_CODE = YES;
				CLANG_WARN__DUPLICATE_METHOD_MATCH = YES;
				"CODE_SIGN_IDENTITY[sdk=iphoneos*]" = "iPhone Developer";
				COPY_PHASE_STRIP = NO;
				DEBUG_INFORMATION_FORMAT = dwarf;
				ENABLE_STRICT_OBJC_MSGSEND = YES;
				ENABLE_TESTABILITY = YES;
				GCC_C_LANGUAGE_STANDARD = gnu99;
				GCC_DYNAMIC_NO_PIC = NO;
				GCC_NO_COMMON_BLOCKS = YES;
				GCC_OPTIMIZATION_LEVEL = 0;
				GCC_PREPROCESSOR_DEFINITIONS = (
					"DEBUG=1",
					"$(inherited)",
				);
				GCC_WARN_64_TO_32_BIT_CONVERSION = YES;
				GCC_WARN_ABOUT_RETURN_TYPE = YES_ERROR;
				GCC_WARN_UNDECLARED_SELECTOR = YES;
				GCC_WARN_UNINITIALIZED_AUTOS = YES_AGGRESSIVE;
				GCC_WARN_UNUSED_FUNCTION = YES;
				GCC_WARN_UNUSED_VARIABLE = YES;
				IPHONEOS_DEPLOYMENT_TARGET = 10.1;
				MTL_ENABLE_DEBUG_INFO = YES;
				ONLY_ACTIVE_ARCH = YES;
				SDKROOT = iphoneos;
				SWIFT_ACTIVE_COMPILATION_CONDITIONS = DEBUG;
				SWIFT_OPTIMIZATION_LEVEL = "-Onone";
			};
			name = Debug;
		};
		B27457261DFFEC420097C4D6 /* Release */ = {
			isa = XCBuildConfiguration;
			buildSettings = {
				ALWAYS_SEARCH_USER_PATHS = NO;
				CLANG_ANALYZER_NONNULL = YES;
				CLANG_CXX_LANGUAGE_STANDARD = "gnu++0x";
				CLANG_CXX_LIBRARY = "libc++";
				CLANG_ENABLE_MODULES = YES;
				CLANG_ENABLE_OBJC_ARC = YES;
				CLANG_WARN_BLOCK_CAPTURE_AUTORELEASING = YES;
				CLANG_WARN_BOOL_CONVERSION = YES;
				CLANG_WARN_COMMA = YES;
				CLANG_WARN_CONSTANT_CONVERSION = YES;
				CLANG_WARN_DEPRECATED_OBJC_IMPLEMENTATIONS = YES;
				CLANG_WARN_DIRECT_OBJC_ISA_USAGE = YES_ERROR;
				CLANG_WARN_DOCUMENTATION_COMMENTS = YES;
				CLANG_WARN_EMPTY_BODY = YES;
				CLANG_WARN_ENUM_CONVERSION = YES;
				CLANG_WARN_INFINITE_RECURSION = YES;
				CLANG_WARN_INT_CONVERSION = YES;
				CLANG_WARN_NON_LITERAL_NULL_CONVERSION = YES;
				CLANG_WARN_OBJC_IMPLICIT_RETAIN_SELF = YES;
				CLANG_WARN_OBJC_LITERAL_CONVERSION = YES;
				CLANG_WARN_OBJC_ROOT_CLASS = YES_ERROR;
				CLANG_WARN_RANGE_LOOP_ANALYSIS = YES;
				CLANG_WARN_STRICT_PROTOTYPES = YES;
				CLANG_WARN_SUSPICIOUS_MOVE = YES;
				CLANG_WARN_SUSPICIOUS_MOVES = YES;
				CLANG_WARN_UNREACHABLE_CODE = YES;
				CLANG_WARN__DUPLICATE_METHOD_MATCH = YES;
				"CODE_SIGN_IDENTITY[sdk=iphoneos*]" = "iPhone Developer";
				COPY_PHASE_STRIP = NO;
				DEBUG_INFORMATION_FORMAT = "dwarf-with-dsym";
				ENABLE_NS_ASSERTIONS = NO;
				ENABLE_STRICT_OBJC_MSGSEND = YES;
				GCC_C_LANGUAGE_STANDARD = gnu99;
				GCC_NO_COMMON_BLOCKS = YES;
				GCC_WARN_64_TO_32_BIT_CONVERSION = YES;
				GCC_WARN_ABOUT_RETURN_TYPE = YES_ERROR;
				GCC_WARN_UNDECLARED_SELECTOR = YES;
				GCC_WARN_UNINITIALIZED_AUTOS = YES_AGGRESSIVE;
				GCC_WARN_UNUSED_FUNCTION = YES;
				GCC_WARN_UNUSED_VARIABLE = YES;
				IPHONEOS_DEPLOYMENT_TARGET = 10.1;
				MTL_ENABLE_DEBUG_INFO = NO;
				SDKROOT = iphoneos;
				SWIFT_OPTIMIZATION_LEVEL = "-Owholemodule";
				VALIDATE_PRODUCT = YES;
			};
			name = Release;
		};
		B27457281DFFEC420097C4D6 /* Debug */ = {
			isa = XCBuildConfiguration;
			buildSettings = {
				ASSETCATALOG_COMPILER_APPICON_NAME = AppIcon;
				DEVELOPMENT_TEAM = 5GLHN8YU2L;
				INFOPLIST_FILE = JTPopMenu/Info.plist;
				LD_RUNPATH_SEARCH_PATHS = "$(inherited) @executable_path/Frameworks";
				PRODUCT_BUNDLE_IDENTIFIER = com.zjt.JTPopMenu;
				PRODUCT_NAME = "$(TARGET_NAME)";
				SWIFT_SWIFT3_OBJC_INFERENCE = Default;
				SWIFT_VERSION = 4.2;
			};
			name = Debug;
		};
		B27457291DFFEC420097C4D6 /* Release */ = {
			isa = XCBuildConfiguration;
			buildSettings = {
				ASSETCATALOG_COMPILER_APPICON_NAME = AppIcon;
				DEVELOPMENT_TEAM = 5GLHN8YU2L;
				INFOPLIST_FILE = JTPopMenu/Info.plist;
				LD_RUNPATH_SEARCH_PATHS = "$(inherited) @executable_path/Frameworks";
				PRODUCT_BUNDLE_IDENTIFIER = com.zjt.JTPopMenu;
				PRODUCT_NAME = "$(TARGET_NAME)";
				SWIFT_SWIFT3_OBJC_INFERENCE = Default;
				SWIFT_VERSION = 4.2;
			};
			name = Release;
		};
/* End XCBuildConfiguration section */

/* Begin XCConfigurationList section */
		B27457101DFFEC420097C4D6 /* Build configuration list for PBXProject "JTPopMenu" */ = {
			isa = XCConfigurationList;
			buildConfigurations = (
				B27457251DFFEC420097C4D6 /* Debug */,
				B27457261DFFEC420097C4D6 /* Release */,
			);
			defaultConfigurationIsVisible = 0;
			defaultConfigurationName = Release;
		};
		B27457271DFFEC420097C4D6 /* Build configuration list for PBXNativeTarget "JTPopMenu" */ = {
			isa = XCConfigurationList;
			buildConfigurations = (
				B27457281DFFEC420097C4D6 /* Debug */,
				B27457291DFFEC420097C4D6 /* Release */,
			);
			defaultConfigurationIsVisible = 0;
			defaultConfigurationName = Release;
		};
/* End XCConfigurationList section */
	};
	rootObject = B274570D1DFFEC420097C4D6 /* Project object */;
}
